
Microsoft Visual Studio Solution File, Format Version 12.00
# Visual Studio 14
VisualStudioVersion = 14.0.25420.1
MinimumVisualStudioVersion = 10.0.40219.1
Project("{8BC9CEB8-8B4A-11D0-8D11-00A0C91BC942}") = "Aula0810", "Aula0810\Aula0810.vcxproj", "{1A7FAA51-E5CC-481A-B449-6C87AD597E50}"
EndProject
Project("{8BC9CEB8-8B4A-11D0-8D11-00A0C91BC942}") = "Aula1010", "Aula1010\Aula1010.vcxproj", "{8035F0C5-71CE-41DD-9AC9-5A21BBFFA6FB}"
EndProject
Project("{8BC9CEB8-8B4A-11D0-8D11-00A0C91BC942}") = "Aula1010_CalculadoraSimples", "Aula1010_CalculadoraSimples\Aula1010_CalculadoraSimples.vcxproj", "{9C2FAFF5-3717-4A16-9DB3-B8A9865B243A}"
EndProject
Project("{8BC9CEB8-8B4A-11D0-8D11-00A0C91BC942}") = "Aula1710_condicionais", "Aula1710_condicionais\Aula1710_condicionais.vcxproj", "{D74B53DD-053B-4849-9655-4404BAA3FC26}"
EndProject
Project("{8BC9CEB8-8B4A-11D0-8D11-00A0C91BC942}") = "Aula2210_TEST", "Aula2210_TEST\Aula2210_TEST.vcxproj", "{2EDA1CBC-BFAC-4998-B74D-62CE5A972211}"
EndProject
Global
	GlobalSection(SolutionConfigurationPlatforms) = preSolution
		Debug|Any CPU = Debug|Any CPU
		Debug|x64 = Debug|x64
		Debug|x86 = Debug|x86
		Release|Any CPU = Release|Any CPU
		Release|x64 = Release|x64
		Release|x86 = Release|x86
	EndGlobalSection
	GlobalSection(ProjectConfigurationPlatforms) = postSolution
		{1A7FAA51-E5CC-481A-B449-6C87AD597E50}.Debug|Any CPU.ActiveCfg = Debug|Win32
		{1A7FAA51-E5CC-481A-B449-6C87AD597E50}.Debug|x64.ActiveCfg = Debug|x64
		{1A7FAA51-E5CC-481A-B449-6C87AD597E50}.Debug|x64.Build.0 = Debug|x64
		{1A7FAA51-E5CC-481A-B449-6C87AD597E50}.Debug|x86.ActiveCfg = Debug|Win32
		{1A7FAA51-E5CC-481A-B449-6C87AD597E50}.Debug|x86.Build.0 = Debug|Win32
		{1A7FAA51-E5CC-481A-B449-6C87AD597E50}.Release|Any CPU.ActiveCfg = Release|Win32
		{1A7FAA51-E5CC-481A-B449-6C87AD597E50}.Release|x64.ActiveCfg = Release|x64
		{1A7FAA51-E5CC-481A-B449-6C87AD597E50}.Release|x64.Build.0 = Release|x64
		{1A7FAA51-E5CC-481A-B449-6C87AD597E50}.Release|x86.ActiveCfg = Release|Win32
		{1A7FAA51-E5CC-481A-B449-6C87AD597E50}.Release|x86.Build.0 = Release|Win32
		{8035F0C5-71CE-41DD-9AC9-5A21BBFFA6FB}.Debug|Any CPU.ActiveCfg = Debug|Win32
		{8035F0C5-71CE-41DD-9AC9-5A21BBFFA6FB}.Debug|x64.ActiveCfg = Debug|x64
		{8035F0C5-71CE-41DD-9AC9-5A21BBFFA6FB}.Debug|x64.Build.0 = Debug|x64
		{8035F0C5-71CE-41DD-9AC9-5A21BBFFA6FB}.Debug|x86.ActiveCfg = Debug|Win32
		{8035F0C5-71CE-41DD-9AC9-5A21BBFFA6FB}.Debug|x86.Build.0 = Debug|Win32
		{8035F0C5-71CE-41DD-9AC9-5A21BBFFA6FB}.Release|Any CPU.ActiveCfg = Release|Win32
		{8035F0C5-71CE-41DD-9AC9-5A21BBFFA6FB}.Release|x64.ActiveCfg = Release|x64
		{8035F0C5-71CE-41DD-9AC9-5A21BBFFA6FB}.Release|x64.Build.0 = Release|x64
		{8035F0C5-71CE-41DD-9AC9-5A21BBFFA6FB}.Release|x86.ActiveCfg = Release|Win32
		{8035F0C5-71CE-41DD-9AC9-5A21BBFFA6FB}.Release|x86.Build.0 = Release|Win32
		{9C2FAFF5-3717-4A16-9DB3-B8A9865B243A}.Debug|Any CPU.ActiveCfg = Debug|Win32
		{9C2FAFF5-3717-4A16-9DB3-B8A9865B243A}.Debug|x64.ActiveCfg = Debug|x64
		{9C2FAFF5-3717-4A16-9DB3-B8A9865B243A}.Debug|x64.Build.0 = Debug|x64
		{9C2FAFF5-3717-4A16-9DB3-B8A9865B243A}.Debug|x86.ActiveCfg = Debug|Win32
		{9C2FAFF5-3717-4A16-9DB3-B8A9865B243A}.Debug|x86.Build.0 = Debug|Win32
		{9C2FAFF5-3717-4A16-9DB3-B8A9865B243A}.Release|Any CPU.ActiveCfg = Release|Win32
		{9C2FAFF5-3717-4A16-9DB3-B8A9865B243A}.Release|x64.ActiveCfg = Release|x64
		{9C2FAFF5-3717-4A16-9DB3-B8A9865B243A}.Release|x64.Build.0 = Release|x64
		{9C2FAFF5-3717-4A16-9DB3-B8A9865B243A}.Release|x86.ActiveCfg = Release|Win32
		{9C2FAFF5-3717-4A16-9DB3-B8A9865B243A}.Release|x86.Build.0 = Release|Win32
		{D74B53DD-053B-4849-9655-4404BAA3FC26}.Debug|Any CPU.ActiveCfg = Debug|Win32
		{D74B53DD-053B-4849-9655-4404BAA3FC26}.Debug|x64.ActiveCfg = Debug|x64
		{D74B53DD-053B-4849-9655-4404BAA3FC26}.Debug|x64.Build.0 = Debug|x64
		{D74B53DD-053B-4849-9655-4404BAA3FC26}.Debug|x86.ActiveCfg = Debug|Win32
		{D74B53DD-053B-4849-9655-4404BAA3FC26}.Debug|x86.Build.0 = Debug|Win32
		{D74B53DD-053B-4849-9655-4404BAA3FC26}.Release|Any CPU.ActiveCfg = Release|Win32
		{D74B53DD-053B-4849-9655-4404BAA3FC26}.Release|x64.ActiveCfg = Release|x64
		{D74B53DD-053B-4849-9655-4404BAA3FC26}.Release|x64.Build.0 = Release|x64
		{D74B53DD-053B-4849-9655-4404BAA3FC26}.Release|x86.ActiveCfg = Release|Win32
		{D74B53DD-053B-4849-9655-4404BAA3FC26}.Release|x86.Build.0 = Release|Win32
		{2EDA1CBC-BFAC-4998-B74D-62CE5A972211}.Debug|Any CPU.ActiveCfg = Debug|Win32
		{2EDA1CBC-BFAC-4998-B74D-62CE5A972211}.Debug|x64.ActiveCfg = Debug|x64
		{2EDA1CBC-BFAC-4998-B74D-62CE5A972211}.Debug|x64.Build.0 = Debug|x64
		{2EDA1CBC-BFAC-4998-B74D-62CE5A972211}.Debug|x86.ActiveCfg = Debug|Win32
		{2EDA1CBC-BFAC-4998-B74D-62CE5A972211}.Debug|x86.Build.0 = Debug|Win32
		{2EDA1CBC-BFAC-4998-B74D-62CE5A972211}.Release|Any CPU.ActiveCfg = Release|Win32
		{2EDA1CBC-BFAC-4998-B74D-62CE5A972211}.Release|x64.ActiveCfg = Release|x64
		{2EDA1CBC-BFAC-4998-B74D-62CE5A972211}.Release|x64.Build.0 = Release|x64
		{2EDA1CBC-BFAC-4998-B74D-62CE5A972211}.Release|x86.ActiveCfg = Release|Win32
		{2EDA1CBC-BFAC-4998-B74D-62CE5A972211}.Release|x86.Build.0 = Release|Win32
	EndGlobalSection
	GlobalSection(SolutionProperties) = preSolution
		HideSolutionNode = FALSE
	EndGlobalSection
EndGlobal
